// !$*UTF8*$!
{
	archiveVersion = 1;
	classes = {
	};
	objectVersion = 50;
	objects = {

/* Begin PBXBuildFile section */
		8EA0831D24940985008C3C25 /* AppDelegate.swift in Sources */ = {isa = PBXBuildFile; fileRef = 8EA0831C24940985008C3C25 /* AppDelegate.swift */; };
		8EA0831F24940985008C3C25 /* SceneDelegate.swift in Sources */ = {isa = PBXBuildFile; fileRef = 8EA0831E24940985008C3C25 /* SceneDelegate.swift */; };
		8EA0832124940985008C3C25 /* ViewController.swift in Sources */ = {isa = PBXBuildFile; fileRef = 8EA0832024940985008C3C25 /* ViewController.swift */; };
		8EA0832424940985008C3C25 /* Main.storyboard in Resources */ = {isa = PBXBuildFile; fileRef = 8EA0832224940985008C3C25 /* Main.storyboard */; };
		8EA0832624940987008C3C25 /* Assets.xcassets in Resources */ = {isa = PBXBuildFile; fileRef = 8EA0832524940987008C3C25 /* Assets.xcassets */; };
		8EA0832924940987008C3C25 /* LaunchScreen.storyboard in Resources */ = {isa = PBXBuildFile; fileRef = 8EA0832724940987008C3C25 /* LaunchScreen.storyboard */; };
		8EA0833324940F28008C3C25 /* wallpaper.jpg in Resources */ = {isa = PBXBuildFile; fileRef = 8EA0833224940F28008C3C25 /* wallpaper.jpg */; };
		8EA08335249412A5008C3C25 /* motionViewController.swift in Sources */ = {isa = PBXBuildFile; fileRef = 8EA08334249412A5008C3C25 /* motionViewController.swift */; };
		8EA0833724941D60008C3C25 /* exercise4ViewController.swift in Sources */ = {isa = PBXBuildFile; fileRef = 8EA0833624941D60008C3C25 /* exercise4ViewController.swift */; };
/* End PBXBuildFile section */

/* Begin PBXFileReference section */
		8EA0831924940985008C3C25 /* motionDemo.app */ = {isa = PBXFileReference; explicitFileType = wrapper.application; includeInIndex = 0; path = motionDemo.app; sourceTree = BUILT_PRODUCTS_DIR; };
		8EA0831C24940985008C3C25 /* AppDelegate.swift */ = {isa = PBXFileReference; lastKnownFileType = sourcecode.swift; path = AppDelegate.swift; sourceTree = "<group>"; };
		8EA0831E24940985008C3C25 /* SceneDelegate.swift */ = {isa = PBXFileReference; lastKnownFileType = sourcecode.swift; path = SceneDelegate.swift; sourceTree = "<group>"; };
		8EA0832024940985008C3C25 /* ViewController.swift */ = {isa = PBXFileReference; lastKnownFileType = sourcecode.swift; path = ViewController.swift; sourceTree = "<group>"; };
		8EA0832324940985008C3C25 /* Base */ = {isa = PBXFileReference; lastKnownFileType = file.storyboard; name = Base; path = Base.lproj/Main.storyboard; sourceTree = "<group>"; };
		8EA0832524940987008C3C25 /* Assets.xcassets */ = {isa = PBXFileReference; lastKnownFileType = folder.assetcatalog; path = Assets.xcassets; sourceTree = "<group>"; };
		8EA0832824940987008C3C25 /* Base */ = {isa = PBXFileReference; lastKnownFileType = file.storyboard; name = Base; path = Base.lproj/LaunchScreen.storyboard; sourceTree = "<group>"; };
		8EA0832A24940987008C3C25 /* Info.plist */ = {isa = PBXFileReference; lastKnownFileType = text.plist.xml; path = Info.plist; sourceTree = "<group>"; };
		8EA0833224940F28008C3C25 /* wallpaper.jpg */ = {isa = PBXFileReference; lastKnownFileType = image.jpeg; path = wallpaper.jpg; sourceTree = "<group>"; };
		8EA08334249412A5008C3C25 /* motionViewController.swift */ = {isa = PBXFileReference; lastKnownFileType = sourcecode.swift; path = motionViewController.swift; sourceTree = "<group>"; };
		8EA0833624941D60008C3C25 /* exercise4ViewController.swift */ = {isa = PBXFileReference; lastKnownFileType = sourcecode.swift; path = exercise4ViewController.swift; sourceTree = "<group>"; };
/* End PBXFileReference section */

/* Begin PBXFrameworksBuildPhase section */
		8EA0831624940985008C3C25 /* Frameworks */ = {
			isa = PBXFrameworksBuildPhase;
			buildActionMask = 2147483647;
			files = (
			);
			runOnlyForDeploymentPostprocessing = 0;
		};
/* End PBXFrameworksBuildPhase section */

/* Begin PBXGroup section */
		8EA0831024940985008C3C25 = {
			isa = PBXGroup;
			children = (
				8EA0831B24940985008C3C25 /* motionDemo */,
				8EA0831A24940985008C3C25 /* Products */,
			);
			sourceTree = "<group>";
		};
		8EA0831A24940985008C3C25 /* Products */ = {
			isa = PBXGroup;
			children = (
				8EA0831924940985008C3C25 /* motionDemo.app */,
			);
			name = Products;
			sourceTree = "<group>";
		};
		8EA0831B24940985008C3C25 /* motionDemo */ = {
			isa = PBXGroup;
			children = (
				8EA0831C24940985008C3C25 /* AppDelegate.swift */,
				8EA0831E24940985008C3C25 /* SceneDelegate.swift */,
				8EA0832024940985008C3C25 /* ViewController.swift */,
				8EA0832224940985008C3C25 /* Main.storyboard */,
				8EA0833224940F28008C3C25 /* wallpaper.jpg */,
				8EA0832524940987008C3C25 /* Assets.xcassets */,
				8EA0832724940987008C3C25 /* LaunchScreen.storyboard */,
				8EA0832A24940987008C3C25 /* Info.plist */,
				8EA08334249412A5008C3C25 /* motionViewController.swift */,
				8EA0833624941D60008C3C25 /* exercise4ViewController.swift */,
			);
			path = motionDemo;
			sourceTree = "<group>";
		};
/* End PBXGroup section */

/* Begin PBXNativeTarget section */
		8EA0831824940985008C3C25 /* motionDemo */ = {
			isa = PBXNativeTarget;
			buildConfigurationList = 8EA0832D24940987008C3C25 /* Build configuration list for PBXNativeTarget "motionDemo" */;
			buildPhases = (
				8EA0831524940985008C3C25 /* Sources */,
				8EA0831624940985008C3C25 /* Frameworks */,
				8EA0831724940985008C3C25 /* Resources */,
			);
			buildRules = (
			);
			dependencies = (
			);
			name = motionDemo;
			productName = motionDemo;
			productReference = 8EA0831924940985008C3C25 /* motionDemo.app */;
			productType = "com.apple.product-type.application";
		};
/* End PBXNativeTarget section */

/* Begin PBXProject section */
		8EA0831124940985008C3C25 /* Project object */ = {
			isa = PBXProject;
			attributes = {
				LastSwiftUpdateCheck = 1150;
				LastUpgradeCheck = 1150;
				ORGANIZATIONNAME = "Swift Project";
				TargetAttributes = {
					8EA0831824940985008C3C25 = {
						CreatedOnToolsVersion = 11.5;
					};
				};
			};
			buildConfigurationList = 8EA0831424940985008C3C25 /* Build configuration list for PBXProject "motionDemo" */;
			compatibilityVersion = "Xcode 9.3";
			developmentRegion = en;
			hasScannedForEncodings = 0;
			knownRegions = (
				en,
				Base,
			);
			mainGroup = 8EA0831024940985008C3C25;
			productRefGroup = 8EA0831A24940985008C3C25 /* Products */;
			projectDirPath = "";
			projectRoot = "";
			targets = (
				8EA0831824940985008C3C25 /* motionDemo */,
			);
		};
/* End PBXProject section */

/* Begin PBXResourcesBuildPhase section */
		8EA0831724940985008C3C25 /* Resources */ = {
			isa = PBXResourcesBuildPhase;
			buildActionMask = 2147483647;
			files = (
				8EA0833324940F28008C3C25 /* wallpaper.jpg in Resources */,
				8EA0832924940987008C3C25 /* LaunchScreen.storyboard in Resources */,
				8EA0832624940987008C3C25 /* Assets.xcassets in Resources */,
				8EA0832424940985008C3C25 /* Main.storyboard in Resources */,
			);
			runOnlyForDeploymentPostprocessing = 0;
		};
/* End PBXResourcesBuildPhase section */

/* Begin PBXSourcesBuildPhase section */
		8EA0831524940985008C3C25 /* Sources */ = {
			isa = PBXSourcesBuildPhase;
			buildActionMask = 2147483647;
			files = (
				8EA0832124940985008C3C25 /* ViewController.swift in Sources */,
				8EA0831D24940985008C3C25 /* AppDelegate.swift in Sources */,
				8EA08335249412A5008C3C25 /* motionViewController.swift in Sources */,
				8EA0833724941D60008C3C25 /* exercise4ViewController.swift in Sources */,
				8EA0831F24940985008C3C25 /* SceneDelegate.swift in Sources */,
			);
			runOnlyForDeploymentPostprocessing = 0;
		};
/* End PBXSourcesBuildPhase section */

/* Begin PBXVariantGroup section */
		8EA0832224940985008C3C25 /* Main.storyboard */ = {
			isa = PBXVariantGroup;
			children = (
				8EA0832324940985008C3C25 /* Base */,
			);
			name = Main.storyboard;
			sourceTree = "<group>";
		};
		8EA0832724940987008C3C25 /* LaunchScreen.storyboard */ = {
			isa = PBXVariantGroup;
			children = (
				8EA0832824940987008C3C25 /* Base */,
			);
			name = LaunchScreen.storyboard;
			sourceTree = "<group>";
		};
/* End PBXVariantGroup section */

/* Begin XCBuildConfiguration section */
		8EA0832B24940987008C3C25 /* Debug */ = {
			isa = XCBuildConfiguration;
			buildSettings = {
				ALWAYS_SEARCH_USER_PATHS = NO;
				CLANG_ANALYZER_NONNULL = YES;
				CLANG_ANALYZER_NUMBER_OBJECT_CONVERSION = YES_AGGRESSIVE;
				CLANG_CXX_LANGUAGE_STANDARD = "gnu++14";
				CLANG_CXX_LIBRARY = "libc++";
				CLANG_ENABLE_MODULES = YES;
				CLANG_ENABLE_OBJC_ARC = YES;
				CLANG_ENABLE_OBJC_WEAK = YES;
				CLANG_WARN_BLOCK_CAPTURE_AUTORELEASING = YES;
				CLANG_WARN_BOOL_CONVERSION = YES;
				CLANG_WARN_COMMA = YES;
				CLANG_WARN_CONSTANT_CONVERSION = YES;
				CLANG_WARN_DEPRECATED_OBJC_IMPLEMENTATIONS = YES;
				CLANG_WARN_DIRECT_OBJC_ISA_USAGE = YES_ERROR;
				CLANG_WARN_DOCUMENTATION_COMMENTS = YES;
				CLANG_WARN_EMPTY_BODY = YES;
				CLANG_WARN_ENUM_CONVERSION = YES;
				CLANG_WARN_INFINITE_RECURSION = YES;
				CLANG_WARN_INT_CONVERSION = YES;
				CLANG_WARN_NON_LITERAL_NULL_CONVERSION = YES;
				CLANG_WARN_OBJC_IMPLICIT_RETAIN_SELF = YES;
				CLANG_WARN_OBJC_LITERAL_CONVERSION = YES;
				CLANG_WARN_OBJC_ROOT_CLASS = YES_ERROR;
				CLANG_WARN_RANGE_LOOP_ANALYSIS = YES;
				CLANG_WARN_STRICT_PROTOTYPES = YES;
				CLANG_WARN_SUSPICIOUS_MOVE = YES;
				CLANG_WARN_UNGUARDED_AVAILABILITY = YES_AGGRESSIVE;
				CLANG_WARN_UNREACHABLE_CODE = YES;
				CLANG_WARN__DUPLICATE_METHOD_MATCH = YES;
				COPY_PHASE_STRIP = NO;
				DEBUG_INFORMATION_FORMAT = dwarf;
				ENABLE_STRICT_OBJC_MSGSEND = YES;
				ENABLE_TESTABILITY = YES;
				GCC_C_LANGUAGE_STANDARD = gnu11;
				GCC_DYNAMIC_NO_PIC = NO;
				GCC_NO_COMMON_BLOCKS = YES;
				GCC_OPTIMIZATION_LEVEL = 0;
				GCC_PREPROCESSOR_DEFINITIONS = (
					"DEBUG=1",
					"$(inherited)",
				);
				GCC_WARN_64_TO_32_BIT_CONVERSION = YES;
				GCC_WARN_ABOUT_RETURN_TYPE = YES_ERROR;
				GCC_WARN_UNDECLARED_SELECTOR = YES;
				GCC_WARN_UNINITIALIZED_AUTOS = YES_AGGRESSIVE;
				GCC_WARN_UNUSED_FUNCTION = YES;
				GCC_WARN_UNUSED_VARIABLE = YES;
				IPHONEOS_DEPLOYMENT_TARGET = 13.5;
				MTL_ENABLE_DEBUG_INFO = INCLUDE_SOURCE;
				MTL_FAST_MATH = YES;
				ONLY_ACTIVE_ARCH = YES;
				SDKROOT = iphoneos;
				SWIFT_ACTIVE_COMPILATION_CONDITIONS = DEBUG;
				SWIFT_OPTIMIZATION_LEVEL = "-Onone";
			};
			name = Debug;
		};
		8EA0832C24940987008C3C25 /* Release */ = {
			isa = XCBuildConfiguration;
			buildSettings = {
				ALWAYS_SEARCH_USER_PATHS = NO;
				CLANG_ANALYZER_NONNULL = YES;
				CLANG_ANALYZER_NUMBER_OBJECT_CONVERSION = YES_AGGRESSIVE;
				CLANG_CXX_LANGUAGE_STANDARD = "gnu++14";
				CLANG_CXX_LIBRARY = "libc++";
				CLANG_ENABLE_MODULES = YES;
				CLANG_ENABLE_OBJC_ARC = YES;
				CLANG_ENABLE_OBJC_WEAK = YES;
				CLANG_WARN_BLOCK_CAPTURE_AUTORELEASING = YES;
				CLANG_WARN_BOOL_CONVERSION = YES;
				CLANG_WARN_COMMA = YES;
				CLANG_WARN_CONSTANT_CONVERSION = YES;
				CLANG_WARN_DEPRECATED_OBJC_IMPLEMENTATIONS = YES;
				CLANG_WARN_DIRECT_OBJC_ISA_USAGE = YES_ERROR;
				CLANG_WARN_DOCUMENTATION_COMMENTS = YES;
				CLANG_WARN_EMPTY_BODY = YES;
				CLANG_WARN_ENUM_CONVERSION = YES;
				CLANG_WARN_INFINITE_RECURSION = YES;
				CLANG_WARN_INT_CONVERSION = YES;
				CLANG_WARN_NON_LITERAL_NULL_CONVERSION = YES;
				CLANG_WARN_OBJC_IMPLICIT_RETAIN_SELF = YES;
				CLANG_WARN_OBJC_LITERAL_CONVERSION = YES;
				CLANG_WARN_OBJC_ROOT_CLASS = YES_ERROR;
				CLANG_WARN_RANGE_LOOP_ANALYSIS = YES;
				CLANG_WARN_STRICT_PROTOTYPES = YES;
				CLANG_WARN_SUSPICIOUS_MOVE = YES;
				CLANG_WARN_UNGUARDED_AVAILABILITY = YES_AGGRESSIVE;
				CLANG_WARN_UNREACHABLE_CODE = YES;
				CLANG_WARN__DUPLICATE_METHOD_MATCH = YES;
				COPY_PHASE_STRIP = NO;
				DEBUG_INFORMATION_FORMAT = "dwarf-with-dsym";
				ENABLE_NS_ASSERTIONS = NO;
				ENABLE_STRICT_OBJC_MSGSEND = YES;
				GCC_C_LANGUAGE_STANDARD = gnu11;
				GCC_NO_COMMON_BLOCKS = YES;
				GCC_WARN_64_TO_32_BIT_CONVERSION = YES;
				GCC_WARN_ABOUT_RETURN_TYPE = YES_ERROR;
				GCC_WARN_UNDECLARED_SELECTOR = YES;
				GCC_WARN_UNINITIALIZED_AUTOS = YES_AGGRESSIVE;
				GCC_WARN_UNUSED_FUNCTION = YES;
				GCC_WARN_UNUSED_VARIABLE = YES;
				IPHONEOS_DEPLOYMENT_TARGET = 13.5;
				MTL_ENABLE_DEBUG_INFO = NO;
				MTL_FAST_MATH = YES;
				SDKROOT = iphoneos;
				SWIFT_COMPILATION_MODE = wholemodule;
				SWIFT_OPTIMIZATION_LEVEL = "-O";
				VALIDATE_PRODUCT = YES;
			};
			name = Release;
		};
		8EA0832E24940987008C3C25 /* Debug */ = {
			isa = XCBuildConfiguration;
			buildSettings = {
				ASSETCATALOG_COMPILER_APPICON_NAME = AppIcon;
				CODE_SIGN_STYLE = Automatic;
				DEVELOPMENT_TEAM = VTV2KB77ZW;
				INFOPLIST_FILE = motionDemo/Info.plist;
				LD_RUNPATH_SEARCH_PATHS = (
					"$(inherited)",
					"@executable_path/Frameworks",
				);
				PRODUCT_BUNDLE_IDENTIFIER = com.lambton.motionDemo;
				PRODUCT_NAME = "$(TARGET_NAME)";
				SWIFT_VERSION = 5.0;
				TARGETED_DEVICE_FAMILY = "1,2";
			};
			name = Debug;
		};
		8EA0832F24940987008C3C25 /* Release */ = {
			isa = XCBuildConfiguration;
			buildSettings = {
				ASSETCATALOG_COMPILER_APPICON_NAME = AppIcon;
				CODE_SIGN_STYLE = Automatic;
				DEVELOPMENT_TEAM = VTV2KB77ZW;
				INFOPLIST_FILE = motionDemo/Info.plist;
				LD_RUNPATH_SEARCH_PATHS = (
					"$(inherited)",
					"@executable_path/Frameworks",
				);
				PRODUCT_BUNDLE_IDENTIFIER = com.lambton.motionDemo;
				PRODUCT_NAME = "$(TARGET_NAME)";
				SWIFT_VERSION = 5.0;
				TARGETED_DEVICE_FAMILY = "1,2";
			};
			name = Release;
		};
/* End XCBuildConfiguration section */

/* Begin XCConfigurationList section */
		8EA0831424940985008C3C25 /* Build configuration list for PBXProject "motionDemo" */ = {
			isa = XCConfigurationList;
			buildConfigurations = (
				8EA0832B24940987008C3C25 /* Debug */,
				8EA0832C24940987008C3C25 /* Release */,
			);
			defaultConfigurationIsVisible = 0;
			defaultConfigurationName = Release;
		};
		8EA0832D24940987008C3C25 /* Build configuration list for PBXNativeTarget "motionDemo" */ = {
			isa = XCConfigurationList;
			buildConfigurations = (
				8EA0832E24940987008C3C25 /* Debug */,
				8EA0832F24940987008C3C25 /* Release */,
			);
			defaultConfigurationIsVisible = 0;
			defaultConfigurationName = Release;
		};
/* End XCConfigurationList section */
	};
	rootObject = 8EA0831124940985008C3C25 /* Project object */;
}
